
Microsoft Visual Studio Solution File, Format Version 12.00
# Visual Studio 14
VisualStudioVersion = 14.0.24720.0
MinimumVisualStudioVersion = 10.0.40219.1
Project("{FAE04EC0-301F-11D3-BF4B-00C04F79EFBC}") = "WebApplication1", "WebApplication1\WebApplication1.csproj", "{01DDA0BA-F0C2-4BE7-9026-FA514AA8437B}"
EndProject
Project("{FAE04EC0-301F-11D3-BF4B-00C04F79EFBC}") = "WebApplication1.Tests", "WebApplication1.Tests\WebApplication1.Tests.csproj", "{217CCB1C-483E-47CE-873B-D5DFA6E2A3CD}"
EndProject
Project("{FAE04EC0-301F-11D3-BF4B-00C04F79EFBC}") = "DataAccess", "Data\DataAccess.csproj", "{205EF83B-1473-4F70-A334-38AB96A02DA2}"
EndProject
Project("{FAE04EC0-301F-11D3-BF4B-00C04F79EFBC}") = "Business", "Models\Business.csproj", "{AFF23BE4-9B3A-4F62-9FE5-1FC8A1504110}"
EndProject
Project("{FAE04EC0-301F-11D3-BF4B-00C04F79EFBC}") = "DataAccess.Tests", "DataAccess.Tests\DataAccess.Tests.csproj", "{63A567FB-F53A-4973-865F-0038007AF005}"
EndProject
Project("{FAE04EC0-301F-11D3-BF4B-00C04F79EFBC}") = "Models.Tests", "Models.Tests\Models.Tests.csproj", "{6EA4CDA0-CFBB-424F-9A9E-1EF79A3E655A}"
EndProject
Global
	GlobalSection(SolutionConfigurationPlatforms) = preSolution
		Debug|Any CPU = Debug|Any CPU
		Release|Any CPU = Release|Any CPU
	EndGlobalSection
	GlobalSection(ProjectConfigurationPlatforms) = postSolution
		{01DDA0BA-F0C2-4BE7-9026-FA514AA8437B}.Debug|Any CPU.ActiveCfg = Debug|Any CPU
		{01DDA0BA-F0C2-4BE7-9026-FA514AA8437B}.Debug|Any CPU.Build.0 = Debug|Any CPU
		{01DDA0BA-F0C2-4BE7-9026-FA514AA8437B}.Release|Any CPU.ActiveCfg = Release|Any CPU
		{01DDA0BA-F0C2-4BE7-9026-FA514AA8437B}.Release|Any CPU.Build.0 = Release|Any CPU
		{217CCB1C-483E-47CE-873B-D5DFA6E2A3CD}.Debug|Any CPU.ActiveCfg = Debug|Any CPU
		{217CCB1C-483E-47CE-873B-D5DFA6E2A3CD}.Debug|Any CPU.Build.0 = Debug|Any CPU
		{217CCB1C-483E-47CE-873B-D5DFA6E2A3CD}.Release|Any CPU.ActiveCfg = Release|Any CPU
		{217CCB1C-483E-47CE-873B-D5DFA6E2A3CD}.Release|Any CPU.Build.0 = Release|Any CPU
		{205EF83B-1473-4F70-A334-38AB96A02DA2}.Debug|Any CPU.ActiveCfg = Debug|Any CPU
		{205EF83B-1473-4F70-A334-38AB96A02DA2}.Debug|Any CPU.Build.0 = Debug|Any CPU
		{205EF83B-1473-4F70-A334-38AB96A02DA2}.Release|Any CPU.ActiveCfg = Release|Any CPU
		{205EF83B-1473-4F70-A334-38AB96A02DA2}.Release|Any CPU.Build.0 = Release|Any CPU
		{AFF23BE4-9B3A-4F62-9FE5-1FC8A1504110}.Debug|Any CPU.ActiveCfg = Debug|Any CPU
		{AFF23BE4-9B3A-4F62-9FE5-1FC8A1504110}.Debug|Any CPU.Build.0 = Debug|Any CPU
		{AFF23BE4-9B3A-4F62-9FE5-1FC8A1504110}.Release|Any CPU.ActiveCfg = Release|Any CPU
		{AFF23BE4-9B3A-4F62-9FE5-1FC8A1504110}.Release|Any CPU.Build.0 = Release|Any CPU
		{63A567FB-F53A-4973-865F-0038007AF005}.Debug|Any CPU.ActiveCfg = Debug|Any CPU
		{63A567FB-F53A-4973-865F-0038007AF005}.Debug|Any CPU.Build.0 = Debug|Any CPU
		{63A567FB-F53A-4973-865F-0038007AF005}.Release|Any CPU.ActiveCfg = Release|Any CPU
		{63A567FB-F53A-4973-865F-0038007AF005}.Release|Any CPU.Build.0 = Release|Any CPU
		{6EA4CDA0-CFBB-424F-9A9E-1EF79A3E655A}.Debug|Any CPU.ActiveCfg = Debug|Any CPU
		{6EA4CDA0-CFBB-424F-9A9E-1EF79A3E655A}.Debug|Any CPU.Build.0 = Debug|Any CPU
		{6EA4CDA0-CFBB-424F-9A9E-1EF79A3E655A}.Release|Any CPU.ActiveCfg = Release|Any CPU
		{6EA4CDA0-CFBB-424F-9A9E-1EF79A3E655A}.Release|Any CPU.Build.0 = Release|Any CPU
	EndGlobalSection
	GlobalSection(SolutionProperties) = preSolution
		HideSolutionNode = FALSE
	EndGlobalSection
EndGlobal
